
Microsoft Visual Studio Solution File, Format Version 12.00
# Visual Studio 15
VisualStudioVersion = 15.0.28010.2036
MinimumVisualStudioVersion = 10.0.40219.1
Project("{FAE04EC0-301F-11D3-BF4B-00C04F79EFBC}") = "Applikation", "Applikation\Applikation.csproj", "{90E0A831-EEB1-4A95-90A4-4B459A250461}"
EndProject
Global
	GlobalSection(SolutionConfigurationPlatforms) = preSolution
		Debug|Any CPU = Debug|Any CPU
		Release|Any CPU = Release|Any CPU
	EndGlobalSection
	GlobalSection(ProjectConfigurationPlatforms) = postSolution
		{90E0A831-EEB1-4A95-90A4-4B459A250461}.Debug|Any CPU.ActiveCfg = Debug|Any CPU
		{90E0A831-EEB1-4A95-90A4-4B459A250461}.Debug|Any CPU.Build.0 = Debug|Any CPU
		{90E0A831-EEB1-4A95-90A4-4B459A250461}.Release|Any CPU.ActiveCfg = Release|Any CPU
		{90E0A831-EEB1-4A95-90A4-4B459A250461}.Release|Any CPU.Build.0 = Release|Any CPU
	EndGlobalSection
	GlobalSection(SolutionProperties) = preSolution
		HideSolutionNode = FALSE
	EndGlobalSection
	GlobalSection(ExtensibilityGlobals) = postSolution
		SolutionGuid = {73040274-2510-4F4D-83D2-11D3140478BD}
	EndGlobalSection
EndGlobal
