
Microsoft Visual Studio Solution File, Format Version 12.00
# Visual Studio 15
VisualStudioVersion = 15.0.28010.2036
MinimumVisualStudioVersion = 10.0.40219.1
Project("{FAE04EC0-301F-11D3-BF4B-00C04F79EFBC}") = "Applikation", "Applikation\Applikation.csproj", "{90E0A831-EEB1-4A95-90A4-4B459A250461}"
EndProject
Project("{FAE04EC0-301F-11D3-BF4B-00C04F79EFBC}") = "PL", "PL\PL.csproj", "{DCF1C89B-3170-41EB-B7BD-DB16C051FDE3}"
EndProject
Project("{FAE04EC0-301F-11D3-BF4B-00C04F79EFBC}") = "BL", "BL\BL.csproj", "{3754E8C7-6DE9-4FB0-84B5-ECED47A60695}"
EndProject
Project("{FAE04EC0-301F-11D3-BF4B-00C04F79EFBC}") = "DAL", "DAL\DAL.csproj", "{DB2D77A8-F055-43F8-A5F8-197F978F01C9}"
EndProject
Project("{FAE04EC0-301F-11D3-BF4B-00C04F79EFBC}") = "Model", "Model\Model.csproj", "{A697D781-2087-457D-A3E8-5526E7C8F38A}"
EndProject
Project("{FAE04EC0-301F-11D3-BF4B-00C04F79EFBC}") = "Interface", "Interface\Interface.csproj", "{52B99102-F7A1-437B-8FA0-AFC4EC599763}"
EndProject
Global
	GlobalSection(SolutionConfigurationPlatforms) = preSolution
		Debug|Any CPU = Debug|Any CPU
		Release|Any CPU = Release|Any CPU
	EndGlobalSection
	GlobalSection(ProjectConfigurationPlatforms) = postSolution
		{90E0A831-EEB1-4A95-90A4-4B459A250461}.Debug|Any CPU.ActiveCfg = Debug|Any CPU
		{90E0A831-EEB1-4A95-90A4-4B459A250461}.Debug|Any CPU.Build.0 = Debug|Any CPU
		{90E0A831-EEB1-4A95-90A4-4B459A250461}.Release|Any CPU.ActiveCfg = Release|Any CPU
		{90E0A831-EEB1-4A95-90A4-4B459A250461}.Release|Any CPU.Build.0 = Release|Any CPU
		{DCF1C89B-3170-41EB-B7BD-DB16C051FDE3}.Debug|Any CPU.ActiveCfg = Debug|Any CPU
		{DCF1C89B-3170-41EB-B7BD-DB16C051FDE3}.Debug|Any CPU.Build.0 = Debug|Any CPU
		{DCF1C89B-3170-41EB-B7BD-DB16C051FDE3}.Release|Any CPU.ActiveCfg = Release|Any CPU
		{DCF1C89B-3170-41EB-B7BD-DB16C051FDE3}.Release|Any CPU.Build.0 = Release|Any CPU
		{3754E8C7-6DE9-4FB0-84B5-ECED47A60695}.Debug|Any CPU.ActiveCfg = Debug|Any CPU
		{3754E8C7-6DE9-4FB0-84B5-ECED47A60695}.Debug|Any CPU.Build.0 = Debug|Any CPU
		{3754E8C7-6DE9-4FB0-84B5-ECED47A60695}.Release|Any CPU.ActiveCfg = Release|Any CPU
		{3754E8C7-6DE9-4FB0-84B5-ECED47A60695}.Release|Any CPU.Build.0 = Release|Any CPU
		{DB2D77A8-F055-43F8-A5F8-197F978F01C9}.Debug|Any CPU.ActiveCfg = Debug|Any CPU
		{DB2D77A8-F055-43F8-A5F8-197F978F01C9}.Debug|Any CPU.Build.0 = Debug|Any CPU
		{DB2D77A8-F055-43F8-A5F8-197F978F01C9}.Release|Any CPU.ActiveCfg = Release|Any CPU
		{DB2D77A8-F055-43F8-A5F8-197F978F01C9}.Release|Any CPU.Build.0 = Release|Any CPU
		{A697D781-2087-457D-A3E8-5526E7C8F38A}.Debug|Any CPU.ActiveCfg = Debug|Any CPU
		{A697D781-2087-457D-A3E8-5526E7C8F38A}.Debug|Any CPU.Build.0 = Debug|Any CPU
		{A697D781-2087-457D-A3E8-5526E7C8F38A}.Release|Any CPU.ActiveCfg = Release|Any CPU
		{A697D781-2087-457D-A3E8-5526E7C8F38A}.Release|Any CPU.Build.0 = Release|Any CPU
		{52B99102-F7A1-437B-8FA0-AFC4EC599763}.Debug|Any CPU.ActiveCfg = Debug|Any CPU
		{52B99102-F7A1-437B-8FA0-AFC4EC599763}.Debug|Any CPU.Build.0 = Debug|Any CPU
		{52B99102-F7A1-437B-8FA0-AFC4EC599763}.Release|Any CPU.ActiveCfg = Release|Any CPU
		{52B99102-F7A1-437B-8FA0-AFC4EC599763}.Release|Any CPU.Build.0 = Release|Any CPU
	EndGlobalSection
	GlobalSection(SolutionProperties) = preSolution
		HideSolutionNode = FALSE
	EndGlobalSection
	GlobalSection(ExtensibilityGlobals) = postSolution
		SolutionGuid = {73040274-2510-4F4D-83D2-11D3140478BD}
	EndGlobalSection
EndGlobal
